// !$*UTF8*$!
{
	archiveVersion = 1;
	classes = {
	};
	objectVersion = 56;
	objects = {

/* Begin PBXBuildFile section */
		D5719EC1298470EB00384DC1 /* AppDelegate.swift in Sources */ = {isa = PBXBuildFile; fileRef = D5719EC0298470EB00384DC1 /* AppDelegate.swift */; };
		D5719EC3298470EB00384DC1 /* SceneDelegate.swift in Sources */ = {isa = PBXBuildFile; fileRef = D5719EC2298470EB00384DC1 /* SceneDelegate.swift */; };
		D5719EC5298470EB00384DC1 /* ViewController.swift in Sources */ = {isa = PBXBuildFile; fileRef = D5719EC4298470EB00384DC1 /* ViewController.swift */; };
		D5719EC8298470EB00384DC1 /* Main.storyboard in Resources */ = {isa = PBXBuildFile; fileRef = D5719EC6298470EB00384DC1 /* Main.storyboard */; };
		D5719ECB298470EB00384DC1 /* Vk_client.xcdatamodeld in Sources */ = {isa = PBXBuildFile; fileRef = D5719EC9298470EB00384DC1 /* Vk_client.xcdatamodeld */; };
		D5719ECD298470EC00384DC1 /* Assets.xcassets in Resources */ = {isa = PBXBuildFile; fileRef = D5719ECC298470EC00384DC1 /* Assets.xcassets */; };
		D5719ED0298470EC00384DC1 /* LaunchScreen.storyboard in Resources */ = {isa = PBXBuildFile; fileRef = D5719ECE298470EC00384DC1 /* LaunchScreen.storyboard */; };
		D5719EDF29849DB300384DC1 /* Session.swift in Sources */ = {isa = PBXBuildFile; fileRef = D5719EDE29849DB300384DC1 /* Session.swift */; };
/* End PBXBuildFile section */

/* Begin PBXFileReference section */
		D5719EBD298470EB00384DC1 /* Vk client.app */ = {isa = PBXFileReference; explicitFileType = wrapper.application; includeInIndex = 0; path = "Vk client.app"; sourceTree = BUILT_PRODUCTS_DIR; };
		D5719EC0298470EB00384DC1 /* AppDelegate.swift */ = {isa = PBXFileReference; lastKnownFileType = sourcecode.swift; path = AppDelegate.swift; sourceTree = "<group>"; };
		D5719EC2298470EB00384DC1 /* SceneDelegate.swift */ = {isa = PBXFileReference; lastKnownFileType = sourcecode.swift; path = SceneDelegate.swift; sourceTree = "<group>"; };
		D5719EC4298470EB00384DC1 /* ViewController.swift */ = {isa = PBXFileReference; lastKnownFileType = sourcecode.swift; path = ViewController.swift; sourceTree = "<group>"; };
		D5719EC7298470EB00384DC1 /* Base */ = {isa = PBXFileReference; lastKnownFileType = file.storyboard; name = Base; path = Base.lproj/Main.storyboard; sourceTree = "<group>"; };
		D5719ECA298470EB00384DC1 /* Vk_client.xcdatamodel */ = {isa = PBXFileReference; lastKnownFileType = wrapper.xcdatamodel; path = Vk_client.xcdatamodel; sourceTree = "<group>"; };
		D5719ECC298470EC00384DC1 /* Assets.xcassets */ = {isa = PBXFileReference; lastKnownFileType = folder.assetcatalog; path = Assets.xcassets; sourceTree = "<group>"; };
		D5719ECF298470EC00384DC1 /* Base */ = {isa = PBXFileReference; lastKnownFileType = file.storyboard; name = Base; path = Base.lproj/LaunchScreen.storyboard; sourceTree = "<group>"; };
		D5719ED1298470EC00384DC1 /* Info.plist */ = {isa = PBXFileReference; lastKnownFileType = text.plist.xml; path = Info.plist; sourceTree = "<group>"; };
		D5719EDE29849DB300384DC1 /* Session.swift */ = {isa = PBXFileReference; lastKnownFileType = sourcecode.swift; path = Session.swift; sourceTree = "<group>"; };
/* End PBXFileReference section */

/* Begin PBXFrameworksBuildPhase section */
		D5719EBA298470EB00384DC1 /* Frameworks */ = {
			isa = PBXFrameworksBuildPhase;
			buildActionMask = 2147483647;
			files = (
			);
			runOnlyForDeploymentPostprocessing = 0;
		};
/* End PBXFrameworksBuildPhase section */

/* Begin PBXGroup section */
		D5719EB4298470EB00384DC1 = {
			isa = PBXGroup;
			children = (
				D5719EBF298470EB00384DC1 /* Vk client */,
				D5719EBE298470EB00384DC1 /* Products */,
			);
			sourceTree = "<group>";
		};
		D5719EBE298470EB00384DC1 /* Products */ = {
			isa = PBXGroup;
			children = (
				D5719EBD298470EB00384DC1 /* Vk client.app */,
			);
			name = Products;
			sourceTree = "<group>";
		};
		D5719EBF298470EB00384DC1 /* Vk client */ = {
			isa = PBXGroup;
			children = (
				D5719EC0298470EB00384DC1 /* AppDelegate.swift */,
				D5719EC2298470EB00384DC1 /* SceneDelegate.swift */,
				D5719EC4298470EB00384DC1 /* ViewController.swift */,
				D5719EC6298470EB00384DC1 /* Main.storyboard */,
				D5719ECC298470EC00384DC1 /* Assets.xcassets */,
				D5719ECE298470EC00384DC1 /* LaunchScreen.storyboard */,
				D5719ED1298470EC00384DC1 /* Info.plist */,
				D5719EC9298470EB00384DC1 /* Vk_client.xcdatamodeld */,
				D5719ED7298471A000384DC1 /* Service */,
			);
			path = "Vk client";
			sourceTree = "<group>";
		};
		D5719ED7298471A000384DC1 /* Service */ = {
			isa = PBXGroup;
			children = (
				D5719EDE29849DB300384DC1 /* Session.swift */,
			);
			path = Service;
			sourceTree = "<group>";
		};
/* End PBXGroup section */

/* Begin PBXNativeTarget section */
		D5719EBC298470EB00384DC1 /* Vk client */ = {
			isa = PBXNativeTarget;
			buildConfigurationList = D5719ED4298470EC00384DC1 /* Build configuration list for PBXNativeTarget "Vk client" */;
			buildPhases = (
				D5719EB9298470EB00384DC1 /* Sources */,
				D5719EBA298470EB00384DC1 /* Frameworks */,
				D5719EBB298470EB00384DC1 /* Resources */,
			);
			buildRules = (
			);
			dependencies = (
			);
			name = "Vk client";
			productName = "Vk client";
			productReference = D5719EBD298470EB00384DC1 /* Vk client.app */;
			productType = "com.apple.product-type.application";
		};
/* End PBXNativeTarget section */

/* Begin PBXProject section */
		D5719EB5298470EB00384DC1 /* Project object */ = {
			isa = PBXProject;
			attributes = {
				BuildIndependentTargetsInParallel = 1;
				LastSwiftUpdateCheck = 1420;
				LastUpgradeCheck = 1420;
				TargetAttributes = {
					D5719EBC298470EB00384DC1 = {
						CreatedOnToolsVersion = 14.2;
					};
				};
			};
			buildConfigurationList = D5719EB8298470EB00384DC1 /* Build configuration list for PBXProject "Vk client" */;
			compatibilityVersion = "Xcode 14.0";
			developmentRegion = en;
			hasScannedForEncodings = 0;
			knownRegions = (
				en,
				Base,
			);
			mainGroup = D5719EB4298470EB00384DC1;
			productRefGroup = D5719EBE298470EB00384DC1 /* Products */;
			projectDirPath = "";
			projectRoot = "";
			targets = (
				D5719EBC298470EB00384DC1 /* Vk client */,
			);
		};
/* End PBXProject section */

/* Begin PBXResourcesBuildPhase section */
		D5719EBB298470EB00384DC1 /* Resources */ = {
			isa = PBXResourcesBuildPhase;
			buildActionMask = 2147483647;
			files = (
				D5719ED0298470EC00384DC1 /* LaunchScreen.storyboard in Resources */,
				D5719ECD298470EC00384DC1 /* Assets.xcassets in Resources */,
				D5719EC8298470EB00384DC1 /* Main.storyboard in Resources */,
			);
			runOnlyForDeploymentPostprocessing = 0;
		};
/* End PBXResourcesBuildPhase section */

/* Begin PBXSourcesBuildPhase section */
		D5719EB9298470EB00384DC1 /* Sources */ = {
			isa = PBXSourcesBuildPhase;
			buildActionMask = 2147483647;
			files = (
				D5719EDF29849DB300384DC1 /* Session.swift in Sources */,
				D5719EC5298470EB00384DC1 /* ViewController.swift in Sources */,
				D5719ECB298470EB00384DC1 /* Vk_client.xcdatamodeld in Sources */,
				D5719EC1298470EB00384DC1 /* AppDelegate.swift in Sources */,
				D5719EC3298470EB00384DC1 /* SceneDelegate.swift in Sources */,
			);
			runOnlyForDeploymentPostprocessing = 0;
		};
/* End PBXSourcesBuildPhase section */

/* Begin PBXVariantGroup section */
		D5719EC6298470EB00384DC1 /* Main.storyboard */ = {
			isa = PBXVariantGroup;
			children = (
				D5719EC7298470EB00384DC1 /* Base */,
			);
			name = Main.storyboard;
			sourceTree = "<group>";
		};
		D5719ECE298470EC00384DC1 /* LaunchScreen.storyboard */ = {
			isa = PBXVariantGroup;
			children = (
				D5719ECF298470EC00384DC1 /* Base */,
			);
			name = LaunchScreen.storyboard;
			sourceTree = "<group>";
		};
/* End PBXVariantGroup section */

/* Begin XCBuildConfiguration section */
		D5719ED2298470EC00384DC1 /* Debug */ = {
			isa = XCBuildConfiguration;
			buildSettings = {
				ALWAYS_SEARCH_USER_PATHS = NO;
				CLANG_ANALYZER_NONNULL = YES;
				CLANG_ANALYZER_NUMBER_OBJECT_CONVERSION = YES_AGGRESSIVE;
				CLANG_CXX_LANGUAGE_STANDARD = "gnu++20";
				CLANG_ENABLE_MODULES = YES;
				CLANG_ENABLE_OBJC_ARC = YES;
				CLANG_ENABLE_OBJC_WEAK = YES;
				CLANG_WARN_BLOCK_CAPTURE_AUTORELEASING = YES;
				CLANG_WARN_BOOL_CONVERSION = YES;
				CLANG_WARN_COMMA = YES;
				CLANG_WARN_CONSTANT_CONVERSION = YES;
				CLANG_WARN_DEPRECATED_OBJC_IMPLEMENTATIONS = YES;
				CLANG_WARN_DIRECT_OBJC_ISA_USAGE = YES_ERROR;
				CLANG_WARN_DOCUMENTATION_COMMENTS = YES;
				CLANG_WARN_EMPTY_BODY = YES;
				CLANG_WARN_ENUM_CONVERSION = YES;
				CLANG_WARN_INFINITE_RECURSION = YES;
				CLANG_WARN_INT_CONVERSION = YES;
				CLANG_WARN_NON_LITERAL_NULL_CONVERSION = YES;
				CLANG_WARN_OBJC_IMPLICIT_RETAIN_SELF = YES;
				CLANG_WARN_OBJC_LITERAL_CONVERSION = YES;
				CLANG_WARN_OBJC_ROOT_CLASS = YES_ERROR;
				CLANG_WARN_QUOTED_INCLUDE_IN_FRAMEWORK_HEADER = YES;
				CLANG_WARN_RANGE_LOOP_ANALYSIS = YES;
				CLANG_WARN_STRICT_PROTOTYPES = YES;
				CLANG_WARN_SUSPICIOUS_MOVE = YES;
				CLANG_WARN_UNGUARDED_AVAILABILITY = YES_AGGRESSIVE;
				CLANG_WARN_UNREACHABLE_CODE = YES;
				CLANG_WARN__DUPLICATE_METHOD_MATCH = YES;
				COPY_PHASE_STRIP = NO;
				DEBUG_INFORMATION_FORMAT = dwarf;
				ENABLE_STRICT_OBJC_MSGSEND = YES;
				ENABLE_TESTABILITY = YES;
				GCC_C_LANGUAGE_STANDARD = gnu11;
				GCC_DYNAMIC_NO_PIC = NO;
				GCC_NO_COMMON_BLOCKS = YES;
				GCC_OPTIMIZATION_LEVEL = 0;
				GCC_PREPROCESSOR_DEFINITIONS = (
					"DEBUG=1",
					"$(inherited)",
				);
				GCC_WARN_64_TO_32_BIT_CONVERSION = YES;
				GCC_WARN_ABOUT_RETURN_TYPE = YES_ERROR;
				GCC_WARN_UNDECLARED_SELECTOR = YES;
				GCC_WARN_UNINITIALIZED_AUTOS = YES_AGGRESSIVE;
				GCC_WARN_UNUSED_FUNCTION = YES;
				GCC_WARN_UNUSED_VARIABLE = YES;
				IPHONEOS_DEPLOYMENT_TARGET = 16.2;
				MTL_ENABLE_DEBUG_INFO = INCLUDE_SOURCE;
				MTL_FAST_MATH = YES;
				ONLY_ACTIVE_ARCH = YES;
				SDKROOT = iphoneos;
				SWIFT_ACTIVE_COMPILATION_CONDITIONS = DEBUG;
				SWIFT_OPTIMIZATION_LEVEL = "-Onone";
			};
			name = Debug;
		};
		D5719ED3298470EC00384DC1 /* Release */ = {
			isa = XCBuildConfiguration;
			buildSettings = {
				ALWAYS_SEARCH_USER_PATHS = NO;
				CLANG_ANALYZER_NONNULL = YES;
				CLANG_ANALYZER_NUMBER_OBJECT_CONVERSION = YES_AGGRESSIVE;
				CLANG_CXX_LANGUAGE_STANDARD = "gnu++20";
				CLANG_ENABLE_MODULES = YES;
				CLANG_ENABLE_OBJC_ARC = YES;
				CLANG_ENABLE_OBJC_WEAK = YES;
				CLANG_WARN_BLOCK_CAPTURE_AUTORELEASING = YES;
				CLANG_WARN_BOOL_CONVERSION = YES;
				CLANG_WARN_COMMA = YES;
				CLANG_WARN_CONSTANT_CONVERSION = YES;
				CLANG_WARN_DEPRECATED_OBJC_IMPLEMENTATIONS = YES;
				CLANG_WARN_DIRECT_OBJC_ISA_USAGE = YES_ERROR;
				CLANG_WARN_DOCUMENTATION_COMMENTS = YES;
				CLANG_WARN_EMPTY_BODY = YES;
				CLANG_WARN_ENUM_CONVERSION = YES;
				CLANG_WARN_INFINITE_RECURSION = YES;
				CLANG_WARN_INT_CONVERSION = YES;
				CLANG_WARN_NON_LITERAL_NULL_CONVERSION = YES;
				CLANG_WARN_OBJC_IMPLICIT_RETAIN_SELF = YES;
				CLANG_WARN_OBJC_LITERAL_CONVERSION = YES;
				CLANG_WARN_OBJC_ROOT_CLASS = YES_ERROR;
				CLANG_WARN_QUOTED_INCLUDE_IN_FRAMEWORK_HEADER = YES;
				CLANG_WARN_RANGE_LOOP_ANALYSIS = YES;
				CLANG_WARN_STRICT_PROTOTYPES = YES;
				CLANG_WARN_SUSPICIOUS_MOVE = YES;
				CLANG_WARN_UNGUARDED_AVAILABILITY = YES_AGGRESSIVE;
				CLANG_WARN_UNREACHABLE_CODE = YES;
				CLANG_WARN__DUPLICATE_METHOD_MATCH = YES;
				COPY_PHASE_STRIP = NO;
				DEBUG_INFORMATION_FORMAT = "dwarf-with-dsym";
				ENABLE_NS_ASSERTIONS = NO;
				ENABLE_STRICT_OBJC_MSGSEND = YES;
				GCC_C_LANGUAGE_STANDARD = gnu11;
				GCC_NO_COMMON_BLOCKS = YES;
				GCC_WARN_64_TO_32_BIT_CONVERSION = YES;
				GCC_WARN_ABOUT_RETURN_TYPE = YES_ERROR;
				GCC_WARN_UNDECLARED_SELECTOR = YES;
				GCC_WARN_UNINITIALIZED_AUTOS = YES_AGGRESSIVE;
				GCC_WARN_UNUSED_FUNCTION = YES;
				GCC_WARN_UNUSED_VARIABLE = YES;
				IPHONEOS_DEPLOYMENT_TARGET = 16.2;
				MTL_ENABLE_DEBUG_INFO = NO;
				MTL_FAST_MATH = YES;
				SDKROOT = iphoneos;
				SWIFT_COMPILATION_MODE = wholemodule;
				SWIFT_OPTIMIZATION_LEVEL = "-O";
				VALIDATE_PRODUCT = YES;
			};
			name = Release;
		};
		D5719ED5298470EC00384DC1 /* Debug */ = {
			isa = XCBuildConfiguration;
			buildSettings = {
				ASSETCATALOG_COMPILER_APPICON_NAME = AppIcon;
				ASSETCATALOG_COMPILER_GLOBAL_ACCENT_COLOR_NAME = AccentColor;
				CODE_SIGN_STYLE = Automatic;
				CURRENT_PROJECT_VERSION = 1;
				DEVELOPMENT_TEAM = L7VM479P77;
				GENERATE_INFOPLIST_FILE = YES;
				INFOPLIST_FILE = "Vk client/Info.plist";
				INFOPLIST_KEY_UIApplicationSupportsIndirectInputEvents = YES;
				INFOPLIST_KEY_UILaunchStoryboardName = LaunchScreen;
				INFOPLIST_KEY_UIMainStoryboardFile = Main;
				INFOPLIST_KEY_UISupportedInterfaceOrientations_iPad = "UIInterfaceOrientationPortrait UIInterfaceOrientationPortraitUpsideDown UIInterfaceOrientationLandscapeLeft UIInterfaceOrientationLandscapeRight";
				INFOPLIST_KEY_UISupportedInterfaceOrientations_iPhone = "UIInterfaceOrientationPortrait UIInterfaceOrientationLandscapeLeft UIInterfaceOrientationLandscapeRight";
				LD_RUNPATH_SEARCH_PATHS = (
					"$(inherited)",
					"@executable_path/Frameworks",
				);
				MARKETING_VERSION = 1.0;
				PRODUCT_BUNDLE_IDENTIFIER = "playground.Vk-client";
				PRODUCT_NAME = "$(TARGET_NAME)";
				SWIFT_EMIT_LOC_STRINGS = YES;
				SWIFT_VERSION = 5.0;
				TARGETED_DEVICE_FAMILY = "1,2";
			};
			name = Debug;
		};
		D5719ED6298470EC00384DC1 /* Release */ = {
			isa = XCBuildConfiguration;
			buildSettings = {
				ASSETCATALOG_COMPILER_APPICON_NAME = AppIcon;
				ASSETCATALOG_COMPILER_GLOBAL_ACCENT_COLOR_NAME = AccentColor;
				CODE_SIGN_STYLE = Automatic;
				CURRENT_PROJECT_VERSION = 1;
				DEVELOPMENT_TEAM = L7VM479P77;
				GENERATE_INFOPLIST_FILE = YES;
				INFOPLIST_FILE = "Vk client/Info.plist";
				INFOPLIST_KEY_UIApplicationSupportsIndirectInputEvents = YES;
				INFOPLIST_KEY_UILaunchStoryboardName = LaunchScreen;
				INFOPLIST_KEY_UIMainStoryboardFile = Main;
				INFOPLIST_KEY_UISupportedInterfaceOrientations_iPad = "UIInterfaceOrientationPortrait UIInterfaceOrientationPortraitUpsideDown UIInterfaceOrientationLandscapeLeft UIInterfaceOrientationLandscapeRight";
				INFOPLIST_KEY_UISupportedInterfaceOrientations_iPhone = "UIInterfaceOrientationPortrait UIInterfaceOrientationLandscapeLeft UIInterfaceOrientationLandscapeRight";
				LD_RUNPATH_SEARCH_PATHS = (
					"$(inherited)",
					"@executable_path/Frameworks",
				);
				MARKETING_VERSION = 1.0;
				PRODUCT_BUNDLE_IDENTIFIER = "playground.Vk-client";
				PRODUCT_NAME = "$(TARGET_NAME)";
				SWIFT_EMIT_LOC_STRINGS = YES;
				SWIFT_VERSION = 5.0;
				TARGETED_DEVICE_FAMILY = "1,2";
			};
			name = Release;
		};
/* End XCBuildConfiguration section */

/* Begin XCConfigurationList section */
		D5719EB8298470EB00384DC1 /* Build configuration list for PBXProject "Vk client" */ = {
			isa = XCConfigurationList;
			buildConfigurations = (
				D5719ED2298470EC00384DC1 /* Debug */,
				D5719ED3298470EC00384DC1 /* Release */,
			);
			defaultConfigurationIsVisible = 0;
			defaultConfigurationName = Release;
		};
		D5719ED4298470EC00384DC1 /* Build configuration list for PBXNativeTarget "Vk client" */ = {
			isa = XCConfigurationList;
			buildConfigurations = (
				D5719ED5298470EC00384DC1 /* Debug */,
				D5719ED6298470EC00384DC1 /* Release */,
			);
			defaultConfigurationIsVisible = 0;
			defaultConfigurationName = Release;
		};
/* End XCConfigurationList section */

/* Begin XCVersionGroup section */
		D5719EC9298470EB00384DC1 /* Vk_client.xcdatamodeld */ = {
			isa = XCVersionGroup;
			children = (
				D5719ECA298470EB00384DC1 /* Vk_client.xcdatamodel */,
			);
			currentVersion = D5719ECA298470EB00384DC1 /* Vk_client.xcdatamodel */;
			path = Vk_client.xcdatamodeld;
			sourceTree = "<group>";
			versionGroupType = wrapper.xcdatamodel;
		};
/* End XCVersionGroup section */
	};
	rootObject = D5719EB5298470EB00384DC1 /* Project object */;
}
