// !$*UTF8*$!
{
	archiveVersion = 1;
	classes = {
	};
	objectVersion = 56;
	objects = {

/* Begin PBXBuildFile section */
		BCC1A325A269439F0946BB6C /* Pods_Vk_client.framework in Frameworks */ = {isa = PBXBuildFile; fileRef = B736A5FD8392904F360AA2B4 /* Pods_Vk_client.framework */; };
		D535171529A3098E00D58881 /* Realm Objects.swift in Sources */ = {isa = PBXBuildFile; fileRef = D535171429A3098E00D58881 /* Realm Objects.swift */; };
		D543ABEE2985BEA200FA7D32 /* LogInVC.swift in Sources */ = {isa = PBXBuildFile; fileRef = D543ABED2985BEA200FA7D32 /* LogInVC.swift */; };
		D543ABF02985F85F00FA7D32 /* Service.swift in Sources */ = {isa = PBXBuildFile; fileRef = D543ABEF2985F85F00FA7D32 /* Service.swift */; };
		D566761229953A3000931530 /* Photo.swift in Sources */ = {isa = PBXBuildFile; fileRef = D566761129953A3000931530 /* Photo.swift */; };
		D56EC939298C90B000DA9B30 /* PhotosCollectionViewCell.xib in Resources */ = {isa = PBXBuildFile; fileRef = D5E167EA298B4A50007FF9D6 /* PhotosCollectionViewCell.xib */; };
		D56EC93C298C974100DA9B30 /* FollowedGroupsTableVC.swift in Sources */ = {isa = PBXBuildFile; fileRef = D56EC93B298C974100DA9B30 /* FollowedGroupsTableVC.swift */; };
		D56EC93F298C976900DA9B30 /* FollowedGroupsTableViewCell.swift in Sources */ = {isa = PBXBuildFile; fileRef = D56EC93D298C976900DA9B30 /* FollowedGroupsTableViewCell.swift */; };
		D56EC940298C976900DA9B30 /* FollowedGroupsTableViewCell.xib in Resources */ = {isa = PBXBuildFile; fileRef = D56EC93E298C976900DA9B30 /* FollowedGroupsTableViewCell.xib */; };
		D56EC942298C9A2A00DA9B30 /* Group.swift in Sources */ = {isa = PBXBuildFile; fileRef = D56EC941298C9A2A00DA9B30 /* Group.swift */; };
		D56EC945298CA24A00DA9B30 /* AllGroupsTableVC.swift in Sources */ = {isa = PBXBuildFile; fileRef = D56EC944298CA24A00DA9B30 /* AllGroupsTableVC.swift */; };
		D56EC948298CA35E00DA9B30 /* AllGroupsTableViewCell.swift in Sources */ = {isa = PBXBuildFile; fileRef = D56EC946298CA35E00DA9B30 /* AllGroupsTableViewCell.swift */; };
		D56EC949298CA35E00DA9B30 /* AllGroupsTableViewCell.xib in Resources */ = {isa = PBXBuildFile; fileRef = D56EC947298CA35E00DA9B30 /* AllGroupsTableViewCell.xib */; };
		D5719EC1298470EB00384DC1 /* AppDelegate.swift in Sources */ = {isa = PBXBuildFile; fileRef = D5719EC0298470EB00384DC1 /* AppDelegate.swift */; };
		D5719EC3298470EB00384DC1 /* SceneDelegate.swift in Sources */ = {isa = PBXBuildFile; fileRef = D5719EC2298470EB00384DC1 /* SceneDelegate.swift */; };
		D5719EC8298470EB00384DC1 /* Main.storyboard in Resources */ = {isa = PBXBuildFile; fileRef = D5719EC6298470EB00384DC1 /* Main.storyboard */; };
		D5719ECB298470EB00384DC1 /* Vk_client.xcdatamodeld in Sources */ = {isa = PBXBuildFile; fileRef = D5719EC9298470EB00384DC1 /* Vk_client.xcdatamodeld */; };
		D5719ECD298470EC00384DC1 /* Assets.xcassets in Resources */ = {isa = PBXBuildFile; fileRef = D5719ECC298470EC00384DC1 /* Assets.xcassets */; };
		D5719ED0298470EC00384DC1 /* LaunchScreen.storyboard in Resources */ = {isa = PBXBuildFile; fileRef = D5719ECE298470EC00384DC1 /* LaunchScreen.storyboard */; };
		D5719EDF29849DB300384DC1 /* Session.swift in Sources */ = {isa = PBXBuildFile; fileRef = D5719EDE29849DB300384DC1 /* Session.swift */; };
		D5ABD9FF2998507B00224D87 /* GradientView.swift in Sources */ = {isa = PBXBuildFile; fileRef = D5ABD9FE2998507B00224D87 /* GradientView.swift */; };
		D5ABDA032998694A00224D87 /* AvatarView.swift in Sources */ = {isa = PBXBuildFile; fileRef = D5ABDA022998694A00224D87 /* AvatarView.swift */; };
		D5ABDA05299987D600224D87 /* LikeControl.swift in Sources */ = {isa = PBXBuildFile; fileRef = D5ABDA04299987D600224D87 /* LikeControl.swift */; };
		D5E167D8298AF48A007FF9D6 /* FriendsTableVC.swift in Sources */ = {isa = PBXBuildFile; fileRef = D5E167D7298AF48A007FF9D6 /* FriendsTableVC.swift */; };
		D5E167DD298AF4D9007FF9D6 /* FriendsTableViewCell.swift in Sources */ = {isa = PBXBuildFile; fileRef = D5E167DB298AF4D9007FF9D6 /* FriendsTableViewCell.swift */; };
		D5E167DE298AF4D9007FF9D6 /* FriendsTableViewCell.xib in Resources */ = {isa = PBXBuildFile; fileRef = D5E167DC298AF4D9007FF9D6 /* FriendsTableViewCell.xib */; };
		D5E167E1298B1AC1007FF9D6 /* User.swift in Sources */ = {isa = PBXBuildFile; fileRef = D5E167E0298B1AC1007FF9D6 /* User.swift */; };
		D5E167E4298B49CC007FF9D6 /* PhotosCollectionVC.swift in Sources */ = {isa = PBXBuildFile; fileRef = D5E167E3298B49CC007FF9D6 /* PhotosCollectionVC.swift */; };
		D5E167EB298B4A50007FF9D6 /* PhotosCollectionViewCell.swift in Sources */ = {isa = PBXBuildFile; fileRef = D5E167E9298B4A50007FF9D6 /* PhotosCollectionViewCell.swift */; };
/* End PBXBuildFile section */

/* Begin PBXFileReference section */
		142CDB8E2519E257BD26DBB5 /* Pods-Vk client.release.xcconfig */ = {isa = PBXFileReference; includeInIndex = 1; lastKnownFileType = text.xcconfig; name = "Pods-Vk client.release.xcconfig"; path = "Target Support Files/Pods-Vk client/Pods-Vk client.release.xcconfig"; sourceTree = "<group>"; };
		5724BE45467EAACDBC2629E9 /* Pods-Vk client.debug.xcconfig */ = {isa = PBXFileReference; includeInIndex = 1; lastKnownFileType = text.xcconfig; name = "Pods-Vk client.debug.xcconfig"; path = "Target Support Files/Pods-Vk client/Pods-Vk client.debug.xcconfig"; sourceTree = "<group>"; };
		B736A5FD8392904F360AA2B4 /* Pods_Vk_client.framework */ = {isa = PBXFileReference; explicitFileType = wrapper.framework; includeInIndex = 0; path = Pods_Vk_client.framework; sourceTree = BUILT_PRODUCTS_DIR; };
		D535171429A3098E00D58881 /* Realm Objects.swift */ = {isa = PBXFileReference; lastKnownFileType = sourcecode.swift; path = "Realm Objects.swift"; sourceTree = "<group>"; };
		D543ABED2985BEA200FA7D32 /* LogInVC.swift */ = {isa = PBXFileReference; lastKnownFileType = sourcecode.swift; path = LogInVC.swift; sourceTree = "<group>"; };
		D543ABEF2985F85F00FA7D32 /* Service.swift */ = {isa = PBXFileReference; lastKnownFileType = sourcecode.swift; path = Service.swift; sourceTree = "<group>"; };
		D566761129953A3000931530 /* Photo.swift */ = {isa = PBXFileReference; lastKnownFileType = sourcecode.swift; path = Photo.swift; sourceTree = "<group>"; };
		D56EC93B298C974100DA9B30 /* FollowedGroupsTableVC.swift */ = {isa = PBXFileReference; lastKnownFileType = sourcecode.swift; path = FollowedGroupsTableVC.swift; sourceTree = "<group>"; };
		D56EC93D298C976900DA9B30 /* FollowedGroupsTableViewCell.swift */ = {isa = PBXFileReference; lastKnownFileType = sourcecode.swift; path = FollowedGroupsTableViewCell.swift; sourceTree = "<group>"; };
		D56EC93E298C976900DA9B30 /* FollowedGroupsTableViewCell.xib */ = {isa = PBXFileReference; lastKnownFileType = file.xib; path = FollowedGroupsTableViewCell.xib; sourceTree = "<group>"; };
		D56EC941298C9A2A00DA9B30 /* Group.swift */ = {isa = PBXFileReference; lastKnownFileType = sourcecode.swift; path = Group.swift; sourceTree = "<group>"; };
		D56EC944298CA24A00DA9B30 /* AllGroupsTableVC.swift */ = {isa = PBXFileReference; lastKnownFileType = sourcecode.swift; path = AllGroupsTableVC.swift; sourceTree = "<group>"; };
		D56EC946298CA35E00DA9B30 /* AllGroupsTableViewCell.swift */ = {isa = PBXFileReference; lastKnownFileType = sourcecode.swift; path = AllGroupsTableViewCell.swift; sourceTree = "<group>"; };
		D56EC947298CA35E00DA9B30 /* AllGroupsTableViewCell.xib */ = {isa = PBXFileReference; lastKnownFileType = file.xib; path = AllGroupsTableViewCell.xib; sourceTree = "<group>"; };
		D5719EBD298470EB00384DC1 /* Vk client.app */ = {isa = PBXFileReference; explicitFileType = wrapper.application; includeInIndex = 0; path = "Vk client.app"; sourceTree = BUILT_PRODUCTS_DIR; };
		D5719EC0298470EB00384DC1 /* AppDelegate.swift */ = {isa = PBXFileReference; lastKnownFileType = sourcecode.swift; path = AppDelegate.swift; sourceTree = "<group>"; };
		D5719EC2298470EB00384DC1 /* SceneDelegate.swift */ = {isa = PBXFileReference; lastKnownFileType = sourcecode.swift; path = SceneDelegate.swift; sourceTree = "<group>"; };
		D5719EC7298470EB00384DC1 /* Base */ = {isa = PBXFileReference; lastKnownFileType = file.storyboard; name = Base; path = Base.lproj/Main.storyboard; sourceTree = "<group>"; };
		D5719ECA298470EB00384DC1 /* Vk_client.xcdatamodel */ = {isa = PBXFileReference; lastKnownFileType = wrapper.xcdatamodel; path = Vk_client.xcdatamodel; sourceTree = "<group>"; };
		D5719ECC298470EC00384DC1 /* Assets.xcassets */ = {isa = PBXFileReference; lastKnownFileType = folder.assetcatalog; path = Assets.xcassets; sourceTree = "<group>"; };
		D5719ECF298470EC00384DC1 /* Base */ = {isa = PBXFileReference; lastKnownFileType = file.storyboard; name = Base; path = Base.lproj/LaunchScreen.storyboard; sourceTree = "<group>"; };
		D5719ED1298470EC00384DC1 /* Info.plist */ = {isa = PBXFileReference; lastKnownFileType = text.plist.xml; path = Info.plist; sourceTree = "<group>"; };
		D5719EDE29849DB300384DC1 /* Session.swift */ = {isa = PBXFileReference; lastKnownFileType = sourcecode.swift; path = Session.swift; sourceTree = "<group>"; };
		D5ABD9FE2998507B00224D87 /* GradientView.swift */ = {isa = PBXFileReference; lastKnownFileType = sourcecode.swift; path = GradientView.swift; sourceTree = "<group>"; };
		D5ABDA022998694A00224D87 /* AvatarView.swift */ = {isa = PBXFileReference; lastKnownFileType = sourcecode.swift; path = AvatarView.swift; sourceTree = "<group>"; };
		D5ABDA04299987D600224D87 /* LikeControl.swift */ = {isa = PBXFileReference; lastKnownFileType = sourcecode.swift; path = LikeControl.swift; sourceTree = "<group>"; };
		D5E167D7298AF48A007FF9D6 /* FriendsTableVC.swift */ = {isa = PBXFileReference; lastKnownFileType = sourcecode.swift; path = FriendsTableVC.swift; sourceTree = "<group>"; };
		D5E167DB298AF4D9007FF9D6 /* FriendsTableViewCell.swift */ = {isa = PBXFileReference; lastKnownFileType = sourcecode.swift; path = FriendsTableViewCell.swift; sourceTree = "<group>"; };
		D5E167DC298AF4D9007FF9D6 /* FriendsTableViewCell.xib */ = {isa = PBXFileReference; lastKnownFileType = file.xib; path = FriendsTableViewCell.xib; sourceTree = "<group>"; };
		D5E167E0298B1AC1007FF9D6 /* User.swift */ = {isa = PBXFileReference; lastKnownFileType = sourcecode.swift; path = User.swift; sourceTree = "<group>"; };
		D5E167E3298B49CC007FF9D6 /* PhotosCollectionVC.swift */ = {isa = PBXFileReference; lastKnownFileType = sourcecode.swift; path = PhotosCollectionVC.swift; sourceTree = "<group>"; };
		D5E167E9298B4A50007FF9D6 /* PhotosCollectionViewCell.swift */ = {isa = PBXFileReference; lastKnownFileType = sourcecode.swift; path = PhotosCollectionViewCell.swift; sourceTree = "<group>"; };
		D5E167EA298B4A50007FF9D6 /* PhotosCollectionViewCell.xib */ = {isa = PBXFileReference; lastKnownFileType = file.xib; name = PhotosCollectionViewCell.xib; path = "Vk client/Photos/PhotosCollectionViewCell.xib"; sourceTree = SOURCE_ROOT; };
/* End PBXFileReference section */

/* Begin PBXFrameworksBuildPhase section */
		D5719EBA298470EB00384DC1 /* Frameworks */ = {
			isa = PBXFrameworksBuildPhase;
			buildActionMask = 2147483647;
			files = (
				BCC1A325A269439F0946BB6C /* Pods_Vk_client.framework in Frameworks */,
			);
			runOnlyForDeploymentPostprocessing = 0;
		};
/* End PBXFrameworksBuildPhase section */

/* Begin PBXGroup section */
		A8A8064DB72DA24B494DBF5C /* Pods */ = {
			isa = PBXGroup;
			children = (
				5724BE45467EAACDBC2629E9 /* Pods-Vk client.debug.xcconfig */,
				142CDB8E2519E257BD26DBB5 /* Pods-Vk client.release.xcconfig */,
			);
			path = Pods;
			sourceTree = "<group>";
		};
		C1B7B08F7D39DB80745CFD1E /* Frameworks */ = {
			isa = PBXGroup;
			children = (
				B736A5FD8392904F360AA2B4 /* Pods_Vk_client.framework */,
			);
			name = Frameworks;
			sourceTree = "<group>";
		};
		D56EC93A298C96E900DA9B30 /* Followed Groups */ = {
			isa = PBXGroup;
			children = (
				D56EC93B298C974100DA9B30 /* FollowedGroupsTableVC.swift */,
				D56EC93D298C976900DA9B30 /* FollowedGroupsTableViewCell.swift */,
				D56EC93E298C976900DA9B30 /* FollowedGroupsTableViewCell.xib */,
			);
			path = "Followed Groups";
			sourceTree = "<group>";
		};
		D56EC943298CA21C00DA9B30 /* All Groups */ = {
			isa = PBXGroup;
			children = (
				D56EC944298CA24A00DA9B30 /* AllGroupsTableVC.swift */,
				D56EC946298CA35E00DA9B30 /* AllGroupsTableViewCell.swift */,
				D56EC947298CA35E00DA9B30 /* AllGroupsTableViewCell.xib */,
			);
			path = "All Groups";
			sourceTree = "<group>";
		};
		D5719EB4298470EB00384DC1 = {
			isa = PBXGroup;
			children = (
				D5719EBF298470EB00384DC1 /* Vk client */,
				D5719EBE298470EB00384DC1 /* Products */,
				A8A8064DB72DA24B494DBF5C /* Pods */,
				C1B7B08F7D39DB80745CFD1E /* Frameworks */,
			);
			sourceTree = "<group>";
		};
		D5719EBE298470EB00384DC1 /* Products */ = {
			isa = PBXGroup;
			children = (
				D5719EBD298470EB00384DC1 /* Vk client.app */,
			);
			name = Products;
			sourceTree = "<group>";
		};
		D5719EBF298470EB00384DC1 /* Vk client */ = {
			isa = PBXGroup;
			children = (
				D5ABDA08299C1B6200224D87 /* Custom Views */,
				D56EC943298CA21C00DA9B30 /* All Groups */,
				D56EC93A298C96E900DA9B30 /* Followed Groups */,
				D5E167D6298AF441007FF9D6 /* Friends */,
				D5E167E2298B495C007FF9D6 /* Photos */,
				D5E167DF298B1AA2007FF9D6 /* Model */,
				D5719EC6298470EB00384DC1 /* Main.storyboard */,
				D543ABED2985BEA200FA7D32 /* LogInVC.swift */,
				D543ABEF2985F85F00FA7D32 /* Service.swift */,
				D5719EDE29849DB300384DC1 /* Session.swift */,
				D5719ECE298470EC00384DC1 /* LaunchScreen.storyboard */,
				D5719EC2298470EB00384DC1 /* SceneDelegate.swift */,
				D5719EC0298470EB00384DC1 /* AppDelegate.swift */,
				D5719ED1298470EC00384DC1 /* Info.plist */,
				D5719EC9298470EB00384DC1 /* Vk_client.xcdatamodeld */,
				D5719ECC298470EC00384DC1 /* Assets.xcassets */,
			);
			path = "Vk client";
			sourceTree = "<group>";
		};
		D5ABDA08299C1B6200224D87 /* Custom Views */ = {
			isa = PBXGroup;
			children = (
				D5ABD9FE2998507B00224D87 /* GradientView.swift */,
				D5ABDA022998694A00224D87 /* AvatarView.swift */,
				D5ABDA04299987D600224D87 /* LikeControl.swift */,
			);
			path = "Custom Views";
			sourceTree = "<group>";
		};
		D5E167D6298AF441007FF9D6 /* Friends */ = {
			isa = PBXGroup;
			children = (
				D5E167D7298AF48A007FF9D6 /* FriendsTableVC.swift */,
				D5E167DB298AF4D9007FF9D6 /* FriendsTableViewCell.swift */,
				D5E167DC298AF4D9007FF9D6 /* FriendsTableViewCell.xib */,
			);
			path = Friends;
			sourceTree = "<group>";
		};
		D5E167DF298B1AA2007FF9D6 /* Model */ = {
			isa = PBXGroup;
			children = (
				D5E167E0298B1AC1007FF9D6 /* User.swift */,
				D566761129953A3000931530 /* Photo.swift */,
				D56EC941298C9A2A00DA9B30 /* Group.swift */,
				D535171429A3098E00D58881 /* Realm Objects.swift */,
			);
			path = Model;
			sourceTree = "<group>";
		};
		D5E167E2298B495C007FF9D6 /* Photos */ = {
			isa = PBXGroup;
			children = (
				D5E167E3298B49CC007FF9D6 /* PhotosCollectionVC.swift */,
				D5E167E9298B4A50007FF9D6 /* PhotosCollectionViewCell.swift */,
				D5E167EA298B4A50007FF9D6 /* PhotosCollectionViewCell.xib */,
			);
			path = Photos;
			sourceTree = "<group>";
		};
/* End PBXGroup section */

/* Begin PBXNativeTarget section */
		D5719EBC298470EB00384DC1 /* Vk client */ = {
			isa = PBXNativeTarget;
			buildConfigurationList = D5719ED4298470EC00384DC1 /* Build configuration list for PBXNativeTarget "Vk client" */;
			buildPhases = (
				FA46ECA3F457644DC8F6E2C5 /* [CP] Check Pods Manifest.lock */,
				D5719EB9298470EB00384DC1 /* Sources */,
				D5719EBA298470EB00384DC1 /* Frameworks */,
				D5719EBB298470EB00384DC1 /* Resources */,
				DBFAAD93C3D689C90CC5CD83 /* [CP] Embed Pods Frameworks */,
			);
			buildRules = (
			);
			dependencies = (
			);
			name = "Vk client";
			productName = "Vk client";
			productReference = D5719EBD298470EB00384DC1 /* Vk client.app */;
			productType = "com.apple.product-type.application";
		};
/* End PBXNativeTarget section */

/* Begin PBXProject section */
		D5719EB5298470EB00384DC1 /* Project object */ = {
			isa = PBXProject;
			attributes = {
				BuildIndependentTargetsInParallel = 1;
				LastSwiftUpdateCheck = 1420;
				LastUpgradeCheck = 1420;
				TargetAttributes = {
					D5719EBC298470EB00384DC1 = {
						CreatedOnToolsVersion = 14.2;
					};
				};
			};
			buildConfigurationList = D5719EB8298470EB00384DC1 /* Build configuration list for PBXProject "Vk client" */;
			compatibilityVersion = "Xcode 14.0";
			developmentRegion = en;
			hasScannedForEncodings = 0;
			knownRegions = (
				en,
				Base,
			);
			mainGroup = D5719EB4298470EB00384DC1;
			productRefGroup = D5719EBE298470EB00384DC1 /* Products */;
			projectDirPath = "";
			projectRoot = "";
			targets = (
				D5719EBC298470EB00384DC1 /* Vk client */,
			);
		};
/* End PBXProject section */

/* Begin PBXResourcesBuildPhase section */
		D5719EBB298470EB00384DC1 /* Resources */ = {
			isa = PBXResourcesBuildPhase;
			buildActionMask = 2147483647;
			files = (
				D5719ED0298470EC00384DC1 /* LaunchScreen.storyboard in Resources */,
				D56EC949298CA35E00DA9B30 /* AllGroupsTableViewCell.xib in Resources */,
				D56EC939298C90B000DA9B30 /* PhotosCollectionViewCell.xib in Resources */,
				D5719ECD298470EC00384DC1 /* Assets.xcassets in Resources */,
				D5719EC8298470EB00384DC1 /* Main.storyboard in Resources */,
				D5E167DE298AF4D9007FF9D6 /* FriendsTableViewCell.xib in Resources */,
				D56EC940298C976900DA9B30 /* FollowedGroupsTableViewCell.xib in Resources */,
			);
			runOnlyForDeploymentPostprocessing = 0;
		};
/* End PBXResourcesBuildPhase section */

/* Begin PBXShellScriptBuildPhase section */
		DBFAAD93C3D689C90CC5CD83 /* [CP] Embed Pods Frameworks */ = {
			isa = PBXShellScriptBuildPhase;
			buildActionMask = 2147483647;
			files = (
			);
			inputFileListPaths = (
				"${PODS_ROOT}/Target Support Files/Pods-Vk client/Pods-Vk client-frameworks-${CONFIGURATION}-input-files.xcfilelist",
			);
			name = "[CP] Embed Pods Frameworks";
			outputFileListPaths = (
				"${PODS_ROOT}/Target Support Files/Pods-Vk client/Pods-Vk client-frameworks-${CONFIGURATION}-output-files.xcfilelist",
			);
			runOnlyForDeploymentPostprocessing = 0;
			shellPath = /bin/sh;
			shellScript = "\"${PODS_ROOT}/Target Support Files/Pods-Vk client/Pods-Vk client-frameworks.sh\"\n";
			showEnvVarsInLog = 0;
		};
		FA46ECA3F457644DC8F6E2C5 /* [CP] Check Pods Manifest.lock */ = {
			isa = PBXShellScriptBuildPhase;
			buildActionMask = 2147483647;
			files = (
			);
			inputFileListPaths = (
			);
			inputPaths = (
				"${PODS_PODFILE_DIR_PATH}/Podfile.lock",
				"${PODS_ROOT}/Manifest.lock",
			);
			name = "[CP] Check Pods Manifest.lock";
			outputFileListPaths = (
			);
			outputPaths = (
				"$(DERIVED_FILE_DIR)/Pods-Vk client-checkManifestLockResult.txt",
			);
			runOnlyForDeploymentPostprocessing = 0;
			shellPath = /bin/sh;
			shellScript = "diff \"${PODS_PODFILE_DIR_PATH}/Podfile.lock\" \"${PODS_ROOT}/Manifest.lock\" > /dev/null\nif [ $? != 0 ] ; then\n    # print error to STDERR\n    echo \"error: The sandbox is not in sync with the Podfile.lock. Run 'pod install' or update your CocoaPods installation.\" >&2\n    exit 1\nfi\n# This output is used by Xcode 'outputs' to avoid re-running this script phase.\necho \"SUCCESS\" > \"${SCRIPT_OUTPUT_FILE_0}\"\n";
			showEnvVarsInLog = 0;
		};
/* End PBXShellScriptBuildPhase section */

/* Begin PBXSourcesBuildPhase section */
		D5719EB9298470EB00384DC1 /* Sources */ = {
			isa = PBXSourcesBuildPhase;
			buildActionMask = 2147483647;
			files = (
				D5E167E4298B49CC007FF9D6 /* PhotosCollectionVC.swift in Sources */,
				D5E167DD298AF4D9007FF9D6 /* FriendsTableViewCell.swift in Sources */,
				D5ABDA05299987D600224D87 /* LikeControl.swift in Sources */,
				D56EC948298CA35E00DA9B30 /* AllGroupsTableViewCell.swift in Sources */,
				D5719EDF29849DB300384DC1 /* Session.swift in Sources */,
				D56EC942298C9A2A00DA9B30 /* Group.swift in Sources */,
				D5719ECB298470EB00384DC1 /* Vk_client.xcdatamodeld in Sources */,
				D5719EC1298470EB00384DC1 /* AppDelegate.swift in Sources */,
				D5E167EB298B4A50007FF9D6 /* PhotosCollectionViewCell.swift in Sources */,
				D535171529A3098E00D58881 /* Realm Objects.swift in Sources */,
				D5ABDA032998694A00224D87 /* AvatarView.swift in Sources */,
				D5ABD9FF2998507B00224D87 /* GradientView.swift in Sources */,
				D5E167D8298AF48A007FF9D6 /* FriendsTableVC.swift in Sources */,
				D543ABEE2985BEA200FA7D32 /* LogInVC.swift in Sources */,
				D5719EC3298470EB00384DC1 /* SceneDelegate.swift in Sources */,
				D566761229953A3000931530 /* Photo.swift in Sources */,
				D56EC945298CA24A00DA9B30 /* AllGroupsTableVC.swift in Sources */,
				D5E167E1298B1AC1007FF9D6 /* User.swift in Sources */,
				D56EC93C298C974100DA9B30 /* FollowedGroupsTableVC.swift in Sources */,
				D543ABF02985F85F00FA7D32 /* Service.swift in Sources */,
				D56EC93F298C976900DA9B30 /* FollowedGroupsTableViewCell.swift in Sources */,
			);
			runOnlyForDeploymentPostprocessing = 0;
		};
/* End PBXSourcesBuildPhase section */

/* Begin PBXVariantGroup section */
		D5719EC6298470EB00384DC1 /* Main.storyboard */ = {
			isa = PBXVariantGroup;
			children = (
				D5719EC7298470EB00384DC1 /* Base */,
			);
			name = Main.storyboard;
			sourceTree = "<group>";
		};
		D5719ECE298470EC00384DC1 /* LaunchScreen.storyboard */ = {
			isa = PBXVariantGroup;
			children = (
				D5719ECF298470EC00384DC1 /* Base */,
			);
			name = LaunchScreen.storyboard;
			sourceTree = "<group>";
		};
/* End PBXVariantGroup section */

/* Begin XCBuildConfiguration section */
		D5719ED2298470EC00384DC1 /* Debug */ = {
			isa = XCBuildConfiguration;
			buildSettings = {
				ALWAYS_SEARCH_USER_PATHS = NO;
				CLANG_ANALYZER_NONNULL = YES;
				CLANG_ANALYZER_NUMBER_OBJECT_CONVERSION = YES_AGGRESSIVE;
				CLANG_CXX_LANGUAGE_STANDARD = "gnu++20";
				CLANG_ENABLE_MODULES = YES;
				CLANG_ENABLE_OBJC_ARC = YES;
				CLANG_ENABLE_OBJC_WEAK = YES;
				CLANG_WARN_BLOCK_CAPTURE_AUTORELEASING = YES;
				CLANG_WARN_BOOL_CONVERSION = YES;
				CLANG_WARN_COMMA = YES;
				CLANG_WARN_CONSTANT_CONVERSION = YES;
				CLANG_WARN_DEPRECATED_OBJC_IMPLEMENTATIONS = YES;
				CLANG_WARN_DIRECT_OBJC_ISA_USAGE = YES_ERROR;
				CLANG_WARN_DOCUMENTATION_COMMENTS = YES;
				CLANG_WARN_EMPTY_BODY = YES;
				CLANG_WARN_ENUM_CONVERSION = YES;
				CLANG_WARN_INFINITE_RECURSION = YES;
				CLANG_WARN_INT_CONVERSION = YES;
				CLANG_WARN_NON_LITERAL_NULL_CONVERSION = YES;
				CLANG_WARN_OBJC_IMPLICIT_RETAIN_SELF = YES;
				CLANG_WARN_OBJC_LITERAL_CONVERSION = YES;
				CLANG_WARN_OBJC_ROOT_CLASS = YES_ERROR;
				CLANG_WARN_QUOTED_INCLUDE_IN_FRAMEWORK_HEADER = YES;
				CLANG_WARN_RANGE_LOOP_ANALYSIS = YES;
				CLANG_WARN_STRICT_PROTOTYPES = YES;
				CLANG_WARN_SUSPICIOUS_MOVE = YES;
				CLANG_WARN_UNGUARDED_AVAILABILITY = YES_AGGRESSIVE;
				CLANG_WARN_UNREACHABLE_CODE = YES;
				CLANG_WARN__DUPLICATE_METHOD_MATCH = YES;
				COPY_PHASE_STRIP = NO;
				DEBUG_INFORMATION_FORMAT = dwarf;
				ENABLE_STRICT_OBJC_MSGSEND = YES;
				ENABLE_TESTABILITY = YES;
				GCC_C_LANGUAGE_STANDARD = gnu11;
				GCC_DYNAMIC_NO_PIC = NO;
				GCC_NO_COMMON_BLOCKS = YES;
				GCC_OPTIMIZATION_LEVEL = 0;
				GCC_PREPROCESSOR_DEFINITIONS = (
					"DEBUG=1",
					"$(inherited)",
				);
				GCC_WARN_64_TO_32_BIT_CONVERSION = YES;
				GCC_WARN_ABOUT_RETURN_TYPE = YES_ERROR;
				GCC_WARN_UNDECLARED_SELECTOR = YES;
				GCC_WARN_UNINITIALIZED_AUTOS = YES_AGGRESSIVE;
				GCC_WARN_UNUSED_FUNCTION = YES;
				GCC_WARN_UNUSED_VARIABLE = YES;
				IPHONEOS_DEPLOYMENT_TARGET = 16.2;
				MTL_ENABLE_DEBUG_INFO = INCLUDE_SOURCE;
				MTL_FAST_MATH = YES;
				ONLY_ACTIVE_ARCH = YES;
				SDKROOT = iphoneos;
				SWIFT_ACTIVE_COMPILATION_CONDITIONS = DEBUG;
				SWIFT_OPTIMIZATION_LEVEL = "-Onone";
			};
			name = Debug;
		};
		D5719ED3298470EC00384DC1 /* Release */ = {
			isa = XCBuildConfiguration;
			buildSettings = {
				ALWAYS_SEARCH_USER_PATHS = NO;
				CLANG_ANALYZER_NONNULL = YES;
				CLANG_ANALYZER_NUMBER_OBJECT_CONVERSION = YES_AGGRESSIVE;
				CLANG_CXX_LANGUAGE_STANDARD = "gnu++20";
				CLANG_ENABLE_MODULES = YES;
				CLANG_ENABLE_OBJC_ARC = YES;
				CLANG_ENABLE_OBJC_WEAK = YES;
				CLANG_WARN_BLOCK_CAPTURE_AUTORELEASING = YES;
				CLANG_WARN_BOOL_CONVERSION = YES;
				CLANG_WARN_COMMA = YES;
				CLANG_WARN_CONSTANT_CONVERSION = YES;
				CLANG_WARN_DEPRECATED_OBJC_IMPLEMENTATIONS = YES;
				CLANG_WARN_DIRECT_OBJC_ISA_USAGE = YES_ERROR;
				CLANG_WARN_DOCUMENTATION_COMMENTS = YES;
				CLANG_WARN_EMPTY_BODY = YES;
				CLANG_WARN_ENUM_CONVERSION = YES;
				CLANG_WARN_INFINITE_RECURSION = YES;
				CLANG_WARN_INT_CONVERSION = YES;
				CLANG_WARN_NON_LITERAL_NULL_CONVERSION = YES;
				CLANG_WARN_OBJC_IMPLICIT_RETAIN_SELF = YES;
				CLANG_WARN_OBJC_LITERAL_CONVERSION = YES;
				CLANG_WARN_OBJC_ROOT_CLASS = YES_ERROR;
				CLANG_WARN_QUOTED_INCLUDE_IN_FRAMEWORK_HEADER = YES;
				CLANG_WARN_RANGE_LOOP_ANALYSIS = YES;
				CLANG_WARN_STRICT_PROTOTYPES = YES;
				CLANG_WARN_SUSPICIOUS_MOVE = YES;
				CLANG_WARN_UNGUARDED_AVAILABILITY = YES_AGGRESSIVE;
				CLANG_WARN_UNREACHABLE_CODE = YES;
				CLANG_WARN__DUPLICATE_METHOD_MATCH = YES;
				COPY_PHASE_STRIP = NO;
				DEBUG_INFORMATION_FORMAT = "dwarf-with-dsym";
				ENABLE_NS_ASSERTIONS = NO;
				ENABLE_STRICT_OBJC_MSGSEND = YES;
				GCC_C_LANGUAGE_STANDARD = gnu11;
				GCC_NO_COMMON_BLOCKS = YES;
				GCC_WARN_64_TO_32_BIT_CONVERSION = YES;
				GCC_WARN_ABOUT_RETURN_TYPE = YES_ERROR;
				GCC_WARN_UNDECLARED_SELECTOR = YES;
				GCC_WARN_UNINITIALIZED_AUTOS = YES_AGGRESSIVE;
				GCC_WARN_UNUSED_FUNCTION = YES;
				GCC_WARN_UNUSED_VARIABLE = YES;
				IPHONEOS_DEPLOYMENT_TARGET = 16.2;
				MTL_ENABLE_DEBUG_INFO = NO;
				MTL_FAST_MATH = YES;
				SDKROOT = iphoneos;
				SWIFT_COMPILATION_MODE = wholemodule;
				SWIFT_OPTIMIZATION_LEVEL = "-O";
				VALIDATE_PRODUCT = YES;
			};
			name = Release;
		};
		D5719ED5298470EC00384DC1 /* Debug */ = {
			isa = XCBuildConfiguration;
			baseConfigurationReference = 5724BE45467EAACDBC2629E9 /* Pods-Vk client.debug.xcconfig */;
			buildSettings = {
				ASSETCATALOG_COMPILER_APPICON_NAME = AppIcon;
				ASSETCATALOG_COMPILER_GLOBAL_ACCENT_COLOR_NAME = AccentColor;
				CODE_SIGN_STYLE = Automatic;
				CURRENT_PROJECT_VERSION = 1;
				DEVELOPMENT_TEAM = L7VM479P77;
				GENERATE_INFOPLIST_FILE = YES;
				INFOPLIST_FILE = "Vk client/Info.plist";
				INFOPLIST_KEY_UIApplicationSupportsIndirectInputEvents = YES;
				INFOPLIST_KEY_UILaunchStoryboardName = LaunchScreen;
				INFOPLIST_KEY_UIMainStoryboardFile = Main;
				INFOPLIST_KEY_UISupportedInterfaceOrientations_iPad = "UIInterfaceOrientationPortrait UIInterfaceOrientationPortraitUpsideDown UIInterfaceOrientationLandscapeLeft UIInterfaceOrientationLandscapeRight";
				INFOPLIST_KEY_UISupportedInterfaceOrientations_iPhone = "UIInterfaceOrientationPortrait UIInterfaceOrientationLandscapeLeft UIInterfaceOrientationLandscapeRight";
				IPHONEOS_DEPLOYMENT_TARGET = 16.2;
				LD_RUNPATH_SEARCH_PATHS = (
					"$(inherited)",
					"@executable_path/Frameworks",
				);
				MARKETING_VERSION = 1.0;
				PRODUCT_BUNDLE_IDENTIFIER = "playground.Vk-client";
				PRODUCT_NAME = "$(TARGET_NAME)";
				SWIFT_EMIT_LOC_STRINGS = YES;
				SWIFT_VERSION = 5.0;
				TARGETED_DEVICE_FAMILY = "1,2";
			};
			name = Debug;
		};
		D5719ED6298470EC00384DC1 /* Release */ = {
			isa = XCBuildConfiguration;
			baseConfigurationReference = 142CDB8E2519E257BD26DBB5 /* Pods-Vk client.release.xcconfig */;
			buildSettings = {
				ASSETCATALOG_COMPILER_APPICON_NAME = AppIcon;
				ASSETCATALOG_COMPILER_GLOBAL_ACCENT_COLOR_NAME = AccentColor;
				CODE_SIGN_STYLE = Automatic;
				CURRENT_PROJECT_VERSION = 1;
				DEVELOPMENT_TEAM = L7VM479P77;
				GENERATE_INFOPLIST_FILE = YES;
				INFOPLIST_FILE = "Vk client/Info.plist";
				INFOPLIST_KEY_UIApplicationSupportsIndirectInputEvents = YES;
				INFOPLIST_KEY_UILaunchStoryboardName = LaunchScreen;
				INFOPLIST_KEY_UIMainStoryboardFile = Main;
				INFOPLIST_KEY_UISupportedInterfaceOrientations_iPad = "UIInterfaceOrientationPortrait UIInterfaceOrientationPortraitUpsideDown UIInterfaceOrientationLandscapeLeft UIInterfaceOrientationLandscapeRight";
				INFOPLIST_KEY_UISupportedInterfaceOrientations_iPhone = "UIInterfaceOrientationPortrait UIInterfaceOrientationLandscapeLeft UIInterfaceOrientationLandscapeRight";
				IPHONEOS_DEPLOYMENT_TARGET = 16.2;
				LD_RUNPATH_SEARCH_PATHS = (
					"$(inherited)",
					"@executable_path/Frameworks",
				);
				MARKETING_VERSION = 1.0;
				PRODUCT_BUNDLE_IDENTIFIER = "playground.Vk-client";
				PRODUCT_NAME = "$(TARGET_NAME)";
				SWIFT_EMIT_LOC_STRINGS = YES;
				SWIFT_VERSION = 5.0;
				TARGETED_DEVICE_FAMILY = "1,2";
			};
			name = Release;
		};
/* End XCBuildConfiguration section */

/* Begin XCConfigurationList section */
		D5719EB8298470EB00384DC1 /* Build configuration list for PBXProject "Vk client" */ = {
			isa = XCConfigurationList;
			buildConfigurations = (
				D5719ED2298470EC00384DC1 /* Debug */,
				D5719ED3298470EC00384DC1 /* Release */,
			);
			defaultConfigurationIsVisible = 0;
			defaultConfigurationName = Release;
		};
		D5719ED4298470EC00384DC1 /* Build configuration list for PBXNativeTarget "Vk client" */ = {
			isa = XCConfigurationList;
			buildConfigurations = (
				D5719ED5298470EC00384DC1 /* Debug */,
				D5719ED6298470EC00384DC1 /* Release */,
			);
			defaultConfigurationIsVisible = 0;
			defaultConfigurationName = Release;
		};
/* End XCConfigurationList section */

/* Begin XCVersionGroup section */
		D5719EC9298470EB00384DC1 /* Vk_client.xcdatamodeld */ = {
			isa = XCVersionGroup;
			children = (
				D5719ECA298470EB00384DC1 /* Vk_client.xcdatamodel */,
			);
			currentVersion = D5719ECA298470EB00384DC1 /* Vk_client.xcdatamodel */;
			path = Vk_client.xcdatamodeld;
			sourceTree = "<group>";
			versionGroupType = wrapper.xcdatamodel;
		};
/* End XCVersionGroup section */
	};
	rootObject = D5719EB5298470EB00384DC1 /* Project object */;
}
